
Microsoft Visual Studio Solution File, Format Version 12.00
# Visual Studio Version 17
VisualStudioVersion = 17.8.34511.84
MinimumVisualStudioVersion = 10.0.40219.1
Project("{2150E333-8FDC-42A3-9474-1A3956D46DE8}") = "src", "src", "{B0E22A41-FD09-4F8A-B98F-7041D34CE558}"
EndProject
Project("{2150E333-8FDC-42A3-9474-1A3956D46DE8}") = "test", "test", "{23E312E8-56F8-403F-92F0-ECE17379E18A}"
EndProject
Project("{2150E333-8FDC-42A3-9474-1A3956D46DE8}") = "UI", "UI", "{D50DFD76-3466-460D-A2B4-1639E49D08AB}"
EndProject
Project("{2150E333-8FDC-42A3-9474-1A3956D46DE8}") = "Core", "Core", "{94F1D8D2-AC62-4434-9654-E5B9B17FB90E}"
EndProject
Project("{2150E333-8FDC-42A3-9474-1A3956D46DE8}") = "Infrastructure", "Infrastructure", "{8006F45B-07E2-4BAF-B744-DB4764E62243}"
EndProject
Project("{2150E333-8FDC-42A3-9474-1A3956D46DE8}") = "API", "API", "{2AA0C89C-C739-4654-9520-25EBE0977A1A}"
EndProject
Project("{FAE04EC0-301F-11D3-BF4B-00C04F79EFBC}") = "HR.LeaveManagement.Domain", "HR.LeaveManagement.Domain\HR.LeaveManagement.Domain.csproj", "{E4E3423B-CFB2-4F58-8CC2-6B9D02B0F93A}"
EndProject
Project("{FAE04EC0-301F-11D3-BF4B-00C04F79EFBC}") = "HR.LeaveManagement.Application", "HR.LeaveManagement.Application\HR.LeaveManagement.Application.csproj", "{AB3E703B-CB88-498F-9545-8B7A664ACB6D}"
EndProject
Project("{FAE04EC0-301F-11D3-BF4B-00C04F79EFBC}") = "HR.LeaveManagement.Persistence", "HR.LeaveManagement.Persistence\HR.LeaveManagement.Persistence.csproj", "{4B8FDDB6-BA55-4BED-B41D-26EE5EB25255}"
EndProject
Project("{FAE04EC0-301F-11D3-BF4B-00C04F79EFBC}") = "HR.LeaveManagement.Infrastructure", "HR.LeaveManagement.Infrastructure\HR.LeaveManagement.Infrastructure.csproj", "{CC82850D-B51B-4508-A76F-45F60DAEDB23}"
EndProject
Project("{FAE04EC0-301F-11D3-BF4B-00C04F79EFBC}") = "HR.LeaveManagement.Api", "HR.LeaveManagement.Api\HR.LeaveManagement.Api.csproj", "{52255205-BA73-4843-8B2B-B0929D2806DB}"
EndProject
Global
	GlobalSection(SolutionConfigurationPlatforms) = preSolution
		Debug|Any CPU = Debug|Any CPU
		Release|Any CPU = Release|Any CPU
	EndGlobalSection
	GlobalSection(ProjectConfigurationPlatforms) = postSolution
		{E4E3423B-CFB2-4F58-8CC2-6B9D02B0F93A}.Debug|Any CPU.ActiveCfg = Debug|Any CPU
		{E4E3423B-CFB2-4F58-8CC2-6B9D02B0F93A}.Debug|Any CPU.Build.0 = Debug|Any CPU
		{E4E3423B-CFB2-4F58-8CC2-6B9D02B0F93A}.Release|Any CPU.ActiveCfg = Release|Any CPU
		{E4E3423B-CFB2-4F58-8CC2-6B9D02B0F93A}.Release|Any CPU.Build.0 = Release|Any CPU
		{AB3E703B-CB88-498F-9545-8B7A664ACB6D}.Debug|Any CPU.ActiveCfg = Debug|Any CPU
		{AB3E703B-CB88-498F-9545-8B7A664ACB6D}.Debug|Any CPU.Build.0 = Debug|Any CPU
		{AB3E703B-CB88-498F-9545-8B7A664ACB6D}.Release|Any CPU.ActiveCfg = Release|Any CPU
		{AB3E703B-CB88-498F-9545-8B7A664ACB6D}.Release|Any CPU.Build.0 = Release|Any CPU
		{4B8FDDB6-BA55-4BED-B41D-26EE5EB25255}.Debug|Any CPU.ActiveCfg = Debug|Any CPU
		{4B8FDDB6-BA55-4BED-B41D-26EE5EB25255}.Debug|Any CPU.Build.0 = Debug|Any CPU
		{4B8FDDB6-BA55-4BED-B41D-26EE5EB25255}.Release|Any CPU.ActiveCfg = Release|Any CPU
		{4B8FDDB6-BA55-4BED-B41D-26EE5EB25255}.Release|Any CPU.Build.0 = Release|Any CPU
		{CC82850D-B51B-4508-A76F-45F60DAEDB23}.Debug|Any CPU.ActiveCfg = Debug|Any CPU
		{CC82850D-B51B-4508-A76F-45F60DAEDB23}.Debug|Any CPU.Build.0 = Debug|Any CPU
		{CC82850D-B51B-4508-A76F-45F60DAEDB23}.Release|Any CPU.ActiveCfg = Release|Any CPU
		{CC82850D-B51B-4508-A76F-45F60DAEDB23}.Release|Any CPU.Build.0 = Release|Any CPU
		{52255205-BA73-4843-8B2B-B0929D2806DB}.Debug|Any CPU.ActiveCfg = Debug|Any CPU
		{52255205-BA73-4843-8B2B-B0929D2806DB}.Debug|Any CPU.Build.0 = Debug|Any CPU
		{52255205-BA73-4843-8B2B-B0929D2806DB}.Release|Any CPU.ActiveCfg = Release|Any CPU
		{52255205-BA73-4843-8B2B-B0929D2806DB}.Release|Any CPU.Build.0 = Release|Any CPU
	EndGlobalSection
	GlobalSection(SolutionProperties) = preSolution
		HideSolutionNode = FALSE
	EndGlobalSection
	GlobalSection(NestedProjects) = preSolution
		{D50DFD76-3466-460D-A2B4-1639E49D08AB} = {B0E22A41-FD09-4F8A-B98F-7041D34CE558}
		{94F1D8D2-AC62-4434-9654-E5B9B17FB90E} = {B0E22A41-FD09-4F8A-B98F-7041D34CE558}
		{8006F45B-07E2-4BAF-B744-DB4764E62243} = {B0E22A41-FD09-4F8A-B98F-7041D34CE558}
		{2AA0C89C-C739-4654-9520-25EBE0977A1A} = {B0E22A41-FD09-4F8A-B98F-7041D34CE558}
		{E4E3423B-CFB2-4F58-8CC2-6B9D02B0F93A} = {94F1D8D2-AC62-4434-9654-E5B9B17FB90E}
		{AB3E703B-CB88-498F-9545-8B7A664ACB6D} = {94F1D8D2-AC62-4434-9654-E5B9B17FB90E}
		{4B8FDDB6-BA55-4BED-B41D-26EE5EB25255} = {8006F45B-07E2-4BAF-B744-DB4764E62243}
		{CC82850D-B51B-4508-A76F-45F60DAEDB23} = {8006F45B-07E2-4BAF-B744-DB4764E62243}
		{52255205-BA73-4843-8B2B-B0929D2806DB} = {2AA0C89C-C739-4654-9520-25EBE0977A1A}
	EndGlobalSection
	GlobalSection(ExtensibilityGlobals) = postSolution
		SolutionGuid = {B7A178E8-3D21-48CE-B90F-ADF574F7FF3B}
	EndGlobalSection
EndGlobal
